// !$*UTF8*$!
{
	archiveVersion = 1;
	classes = {
	};
	objectVersion = 55;
	objects = {

/* Begin PBXBuildFile section */
		3B5AD11E29B1E8E500E2AFAA /* Coordinator.swift in Sources */ = {isa = PBXBuildFile; fileRef = 3B5AD11D29B1E8E500E2AFAA /* Coordinator.swift */; };
		3B5AD12029B1E91100E2AFAA /* AppCoordinator.swift in Sources */ = {isa = PBXBuildFile; fileRef = 3B5AD11F29B1E91100E2AFAA /* AppCoordinator.swift */; };
		3B5AD12229B1F2D900E2AFAA /* DefaultHomeCoordinator.swift in Sources */ = {isa = PBXBuildFile; fileRef = 3B5AD12129B1F2D900E2AFAA /* DefaultHomeCoordinator.swift */; };
		3B5AD12829B1F5E800E2AFAA /* RoadViewController.swift in Sources */ = {isa = PBXBuildFile; fileRef = 3B5AD12729B1F5E800E2AFAA /* RoadViewController.swift */; };
		3B5AD12A29B1F61500E2AFAA /* DefaultRoadCoordinator.swift in Sources */ = {isa = PBXBuildFile; fileRef = 3B5AD12929B1F61500E2AFAA /* DefaultRoadCoordinator.swift */; };
		3B5AD12C29B1FB8200E2AFAA /* TabBarPage.swift in Sources */ = {isa = PBXBuildFile; fileRef = 3B5AD12B29B1FB8200E2AFAA /* TabBarPage.swift */; };
		3B5AD12F29B203F300E2AFAA /* Reusable.swift in Sources */ = {isa = PBXBuildFile; fileRef = 3B5AD12E29B203F300E2AFAA /* Reusable.swift */; };
		3B5AD13329B2291D00E2AFAA /* AccidentCell.xib in Resources */ = {isa = PBXBuildFile; fileRef = 3B5AD13229B2291D00E2AFAA /* AccidentCell.xib */; };
		3B5AD13529B22AE700E2AFAA /* AccidentCell.swift in Sources */ = {isa = PBXBuildFile; fileRef = 3B5AD13429B22AE700E2AFAA /* AccidentCell.swift */; };
		3B5AD13729B32E3900E2AFAA /* ShadowView.swift in Sources */ = {isa = PBXBuildFile; fileRef = 3B5AD13629B32E3900E2AFAA /* ShadowView.swift */; };
		3B5B0E8C29B0CFDD00AECF22 /* AppDelegate.swift in Sources */ = {isa = PBXBuildFile; fileRef = 3B5B0E8B29B0CFDD00AECF22 /* AppDelegate.swift */; };
		3B5B0E8E29B0CFDD00AECF22 /* SceneDelegate.swift in Sources */ = {isa = PBXBuildFile; fileRef = 3B5B0E8D29B0CFDD00AECF22 /* SceneDelegate.swift */; };
		3B5B0E9029B0CFDD00AECF22 /* HomeViewController.swift in Sources */ = {isa = PBXBuildFile; fileRef = 3B5B0E8F29B0CFDD00AECF22 /* HomeViewController.swift */; };
		3B5B0E9329B0CFDD00AECF22 /* Main.storyboard in Resources */ = {isa = PBXBuildFile; fileRef = 3B5B0E9129B0CFDD00AECF22 /* Main.storyboard */; };
		3B5B0E9529B0CFDE00AECF22 /* Assets.xcassets in Resources */ = {isa = PBXBuildFile; fileRef = 3B5B0E9429B0CFDE00AECF22 /* Assets.xcassets */; };
		3B5B0E9829B0CFDE00AECF22 /* LaunchScreen.storyboard in Resources */ = {isa = PBXBuildFile; fileRef = 3B5B0E9629B0CFDE00AECF22 /* LaunchScreen.storyboard */; };
		3B63BAA629B767EF0055D3A4 /* APIRequest.swift in Sources */ = {isa = PBXBuildFile; fileRef = 3B63BAA529B767EF0055D3A4 /* APIRequest.swift */; };
		3B63BAA929B768860055D3A4 /* HTTPMethod.swift in Sources */ = {isa = PBXBuildFile; fileRef = 3B63BAA829B768860055D3A4 /* HTTPMethod.swift */; };
		3B63BAAC29B768D20055D3A4 /* APIProvider.swift in Sources */ = {isa = PBXBuildFile; fileRef = 3B63BAAB29B768D20055D3A4 /* APIProvider.swift */; };
		3B63BAAE29B768EE0055D3A4 /* NetworkingError.swift in Sources */ = {isa = PBXBuildFile; fileRef = 3B63BAAD29B768EE0055D3A4 /* NetworkingError.swift */; };
		3B63BAB229B76C1E0055D3A4 /* DefaultAPIProvider.swift in Sources */ = {isa = PBXBuildFile; fileRef = 3B63BAB129B76C1E0055D3A4 /* DefaultAPIProvider.swift */; };
		3B63BAB429B7711B0055D3A4 /* AccidentService.swift in Sources */ = {isa = PBXBuildFile; fileRef = 3B63BAB329B7711B0055D3A4 /* AccidentService.swift */; };
		3B63BABB29B84C5C0055D3A4 /* AccidentRepository.swift in Sources */ = {isa = PBXBuildFile; fileRef = 3B63BABA29B84C5C0055D3A4 /* AccidentRepository.swift */; };
		3B63BABD29B84C8D0055D3A4 /* Accident.swift in Sources */ = {isa = PBXBuildFile; fileRef = 3B63BABC29B84C8D0055D3A4 /* Accident.swift */; };
		3B63BABF29B860960055D3A4 /* AccidentUseCase.swift in Sources */ = {isa = PBXBuildFile; fileRef = 3B63BABE29B860960055D3A4 /* AccidentUseCase.swift */; };
		3B63BAC129B862D30055D3A4 /* DefaultAccidentUseCase.swift in Sources */ = {isa = PBXBuildFile; fileRef = 3B63BAC029B862D30055D3A4 /* DefaultAccidentUseCase.swift */; };
		3B6CF35129C9CE14002289A0 /* info.plist in Resources */ = {isa = PBXBuildFile; fileRef = 3B6CF35029C9CE14002289A0 /* info.plist */; };
		3B6CF36929D2CF0D002289A0 /* GrayLoadingIndicator.json in Resources */ = {isa = PBXBuildFile; fileRef = 3B6CF36829D2CF0D002289A0 /* GrayLoadingIndicator.json */; };
		3B6CF36E29D313B0002289A0 /* RoadViewModel.swift in Sources */ = {isa = PBXBuildFile; fileRef = 3B6CF36D29D313B0002289A0 /* RoadViewModel.swift */; };
		3B6CF37129D31544002289A0 /* RoadService.swift in Sources */ = {isa = PBXBuildFile; fileRef = 3B6CF37029D31544002289A0 /* RoadService.swift */; };
		3B6CF37529D31571002289A0 /* RoadRepository.swift in Sources */ = {isa = PBXBuildFile; fileRef = 3B6CF37429D31571002289A0 /* RoadRepository.swift */; };
		3B6CF37A29D31B2E002289A0 /* DefaultRoadRepository.swift in Sources */ = {isa = PBXBuildFile; fileRef = 3B6CF37929D31B2E002289A0 /* DefaultRoadRepository.swift */; };
		3B8F085829B86646009D7396 /* DefaultAccidentRepository.swift in Sources */ = {isa = PBXBuildFile; fileRef = 3B8F085729B86646009D7396 /* DefaultAccidentRepository.swift */; };
		3B8F085A29B87299009D7396 /* AccidentRequest.swift in Sources */ = {isa = PBXBuildFile; fileRef = 3B8F085929B87299009D7396 /* AccidentRequest.swift */; };
		3B8F086029B87CE7009D7396 /* AccidentDTO.swift in Sources */ = {isa = PBXBuildFile; fileRef = 3B8F085F29B87CE7009D7396 /* AccidentDTO.swift */; };
		3B8F086329B89AE7009D7396 /* AccidentParser.swift in Sources */ = {isa = PBXBuildFile; fileRef = 3B8F086229B89AE7009D7396 /* AccidentParser.swift */; };
		3B8F086529B9BDD1009D7396 /* ActivityIndicator.swift in Sources */ = {isa = PBXBuildFile; fileRef = 3B8F086429B9BDD1009D7396 /* ActivityIndicator.swift */; };
		3B8F086729B9BE73009D7396 /* HomeViewModel.swift in Sources */ = {isa = PBXBuildFile; fileRef = 3B8F086629B9BE73009D7396 /* HomeViewModel.swift */; };
		3B8F086929B9BEB2009D7396 /* ViewModelType.swift in Sources */ = {isa = PBXBuildFile; fileRef = 3B8F086829B9BEB2009D7396 /* ViewModelType.swift */; };
		3B8F086E29B9C1F6009D7396 /* Observable+Extension.swift in Sources */ = {isa = PBXBuildFile; fileRef = 3B8F086D29B9C1F6009D7396 /* Observable+Extension.swift */; };
		3B8F087029B9C2C6009D7396 /* AccidentViewModel.swift in Sources */ = {isa = PBXBuildFile; fileRef = 3B8F086F29B9C2C6009D7396 /* AccidentViewModel.swift */; };
		3BD4EE9929C1D00A0010FB25 /* CCTVService.swift in Sources */ = {isa = PBXBuildFile; fileRef = 3BD4EE9829C1D00A0010FB25 /* CCTVService.swift */; };
		3BD4EE9B29C1D0350010FB25 /* CCTVRequest.swift in Sources */ = {isa = PBXBuildFile; fileRef = 3BD4EE9A29C1D0350010FB25 /* CCTVRequest.swift */; };
		3BD4EE9D29C1ECF40010FB25 /* CCTVType.swift in Sources */ = {isa = PBXBuildFile; fileRef = 3BD4EE9C29C1ECF40010FB25 /* CCTVType.swift */; };
		3BD4EE9F29C1EF940010FB25 /* CctvDTO.swift in Sources */ = {isa = PBXBuildFile; fileRef = 3BD4EE9E29C1EF940010FB25 /* CctvDTO.swift */; };
		3BD4EEA129C1F5910010FB25 /* CCTVRepository.swift in Sources */ = {isa = PBXBuildFile; fileRef = 3BD4EEA029C1F5910010FB25 /* CCTVRepository.swift */; };
		3BD4EEA329C1F5C50010FB25 /* DefaultCCTVRepository.swift in Sources */ = {isa = PBXBuildFile; fileRef = 3BD4EEA229C1F5C50010FB25 /* DefaultCCTVRepository.swift */; };
		3BD4EEA729C980580010FB25 /* CCTVParser.swift in Sources */ = {isa = PBXBuildFile; fileRef = 3BD4EEA629C980580010FB25 /* CCTVParser.swift */; };
		8FB86310EFF3889AA167FFFC /* Pods_HighwayInfo.framework in Frameworks */ = {isa = PBXBuildFile; fileRef = 7DD4BD5197ED3CBF66F5356A /* Pods_HighwayInfo.framework */; };
/* End PBXBuildFile section */

/* Begin PBXFileReference section */
		3B5AD11D29B1E8E500E2AFAA /* Coordinator.swift */ = {isa = PBXFileReference; lastKnownFileType = sourcecode.swift; path = Coordinator.swift; sourceTree = "<group>"; };
		3B5AD11F29B1E91100E2AFAA /* AppCoordinator.swift */ = {isa = PBXFileReference; lastKnownFileType = sourcecode.swift; path = AppCoordinator.swift; sourceTree = "<group>"; };
		3B5AD12129B1F2D900E2AFAA /* DefaultHomeCoordinator.swift */ = {isa = PBXFileReference; lastKnownFileType = sourcecode.swift; path = DefaultHomeCoordinator.swift; sourceTree = "<group>"; };
		3B5AD12729B1F5E800E2AFAA /* RoadViewController.swift */ = {isa = PBXFileReference; lastKnownFileType = sourcecode.swift; path = RoadViewController.swift; sourceTree = "<group>"; };
		3B5AD12929B1F61500E2AFAA /* DefaultRoadCoordinator.swift */ = {isa = PBXFileReference; lastKnownFileType = sourcecode.swift; path = DefaultRoadCoordinator.swift; sourceTree = "<group>"; };
		3B5AD12B29B1FB8200E2AFAA /* TabBarPage.swift */ = {isa = PBXFileReference; lastKnownFileType = sourcecode.swift; path = TabBarPage.swift; sourceTree = "<group>"; };
		3B5AD12E29B203F300E2AFAA /* Reusable.swift */ = {isa = PBXFileReference; lastKnownFileType = sourcecode.swift; path = Reusable.swift; sourceTree = "<group>"; };
		3B5AD13229B2291D00E2AFAA /* AccidentCell.xib */ = {isa = PBXFileReference; lastKnownFileType = file.xib; path = AccidentCell.xib; sourceTree = "<group>"; };
		3B5AD13429B22AE700E2AFAA /* AccidentCell.swift */ = {isa = PBXFileReference; lastKnownFileType = sourcecode.swift; path = AccidentCell.swift; sourceTree = "<group>"; };
		3B5AD13629B32E3900E2AFAA /* ShadowView.swift */ = {isa = PBXFileReference; lastKnownFileType = sourcecode.swift; path = ShadowView.swift; sourceTree = "<group>"; };
		3B5B0E8829B0CFDD00AECF22 /* HighwayInfo.app */ = {isa = PBXFileReference; explicitFileType = wrapper.application; includeInIndex = 0; path = HighwayInfo.app; sourceTree = BUILT_PRODUCTS_DIR; };
		3B5B0E8B29B0CFDD00AECF22 /* AppDelegate.swift */ = {isa = PBXFileReference; lastKnownFileType = sourcecode.swift; path = AppDelegate.swift; sourceTree = "<group>"; };
		3B5B0E8D29B0CFDD00AECF22 /* SceneDelegate.swift */ = {isa = PBXFileReference; lastKnownFileType = sourcecode.swift; path = SceneDelegate.swift; sourceTree = "<group>"; };
		3B5B0E8F29B0CFDD00AECF22 /* HomeViewController.swift */ = {isa = PBXFileReference; lastKnownFileType = sourcecode.swift; path = HomeViewController.swift; sourceTree = "<group>"; };
		3B5B0E9229B0CFDD00AECF22 /* Base */ = {isa = PBXFileReference; lastKnownFileType = file.storyboard; name = Base; path = Base.lproj/Main.storyboard; sourceTree = "<group>"; };
		3B5B0E9429B0CFDE00AECF22 /* Assets.xcassets */ = {isa = PBXFileReference; lastKnownFileType = folder.assetcatalog; path = Assets.xcassets; sourceTree = "<group>"; };
		3B5B0E9729B0CFDE00AECF22 /* Base */ = {isa = PBXFileReference; lastKnownFileType = file.storyboard; name = Base; path = Base.lproj/LaunchScreen.storyboard; sourceTree = "<group>"; };
		3B63BAA529B767EF0055D3A4 /* APIRequest.swift */ = {isa = PBXFileReference; lastKnownFileType = sourcecode.swift; name = APIRequest.swift; path = ../../Provider/APIRequest.swift; sourceTree = "<group>"; };
		3B63BAA829B768860055D3A4 /* HTTPMethod.swift */ = {isa = PBXFileReference; lastKnownFileType = sourcecode.swift; path = HTTPMethod.swift; sourceTree = "<group>"; };
		3B63BAAB29B768D20055D3A4 /* APIProvider.swift */ = {isa = PBXFileReference; lastKnownFileType = sourcecode.swift; path = APIProvider.swift; sourceTree = "<group>"; };
		3B63BAAD29B768EE0055D3A4 /* NetworkingError.swift */ = {isa = PBXFileReference; lastKnownFileType = sourcecode.swift; path = NetworkingError.swift; sourceTree = "<group>"; };
		3B63BAB129B76C1E0055D3A4 /* DefaultAPIProvider.swift */ = {isa = PBXFileReference; lastKnownFileType = sourcecode.swift; path = DefaultAPIProvider.swift; sourceTree = "<group>"; };
		3B63BAB329B7711B0055D3A4 /* AccidentService.swift */ = {isa = PBXFileReference; lastKnownFileType = sourcecode.swift; path = AccidentService.swift; sourceTree = "<group>"; };
		3B63BABA29B84C5C0055D3A4 /* AccidentRepository.swift */ = {isa = PBXFileReference; lastKnownFileType = sourcecode.swift; path = AccidentRepository.swift; sourceTree = "<group>"; };
		3B63BABC29B84C8D0055D3A4 /* Accident.swift */ = {isa = PBXFileReference; lastKnownFileType = sourcecode.swift; path = Accident.swift; sourceTree = "<group>"; };
		3B63BABE29B860960055D3A4 /* AccidentUseCase.swift */ = {isa = PBXFileReference; lastKnownFileType = sourcecode.swift; path = AccidentUseCase.swift; sourceTree = "<group>"; };
		3B63BAC029B862D30055D3A4 /* DefaultAccidentUseCase.swift */ = {isa = PBXFileReference; lastKnownFileType = sourcecode.swift; path = DefaultAccidentUseCase.swift; sourceTree = "<group>"; };
		3B6CF35029C9CE14002289A0 /* info.plist */ = {isa = PBXFileReference; lastKnownFileType = text.plist.xml; path = info.plist; sourceTree = "<group>"; };
		3B6CF36829D2CF0D002289A0 /* GrayLoadingIndicator.json */ = {isa = PBXFileReference; fileEncoding = 4; lastKnownFileType = text.json; path = GrayLoadingIndicator.json; sourceTree = "<group>"; };
		3B6CF36D29D313B0002289A0 /* RoadViewModel.swift */ = {isa = PBXFileReference; lastKnownFileType = sourcecode.swift; path = RoadViewModel.swift; sourceTree = "<group>"; };
		3B6CF37029D31544002289A0 /* RoadService.swift */ = {isa = PBXFileReference; lastKnownFileType = sourcecode.swift; path = RoadService.swift; sourceTree = "<group>"; };
		3B6CF37429D31571002289A0 /* RoadRepository.swift */ = {isa = PBXFileReference; lastKnownFileType = sourcecode.swift; path = RoadRepository.swift; sourceTree = "<group>"; };
		3B6CF37929D31B2E002289A0 /* DefaultRoadRepository.swift */ = {isa = PBXFileReference; lastKnownFileType = sourcecode.swift; path = DefaultRoadRepository.swift; sourceTree = "<group>"; };
		3B8F085729B86646009D7396 /* DefaultAccidentRepository.swift */ = {isa = PBXFileReference; lastKnownFileType = sourcecode.swift; path = DefaultAccidentRepository.swift; sourceTree = "<group>"; };
		3B8F085929B87299009D7396 /* AccidentRequest.swift */ = {isa = PBXFileReference; lastKnownFileType = sourcecode.swift; path = AccidentRequest.swift; sourceTree = "<group>"; };
		3B8F085F29B87CE7009D7396 /* AccidentDTO.swift */ = {isa = PBXFileReference; lastKnownFileType = sourcecode.swift; path = AccidentDTO.swift; sourceTree = "<group>"; };
		3B8F086229B89AE7009D7396 /* AccidentParser.swift */ = {isa = PBXFileReference; lastKnownFileType = sourcecode.swift; path = AccidentParser.swift; sourceTree = "<group>"; };
		3B8F086429B9BDD1009D7396 /* ActivityIndicator.swift */ = {isa = PBXFileReference; lastKnownFileType = sourcecode.swift; path = ActivityIndicator.swift; sourceTree = "<group>"; };
		3B8F086629B9BE73009D7396 /* HomeViewModel.swift */ = {isa = PBXFileReference; lastKnownFileType = sourcecode.swift; path = HomeViewModel.swift; sourceTree = "<group>"; };
		3B8F086829B9BEB2009D7396 /* ViewModelType.swift */ = {isa = PBXFileReference; lastKnownFileType = sourcecode.swift; path = ViewModelType.swift; sourceTree = "<group>"; };
		3B8F086D29B9C1F6009D7396 /* Observable+Extension.swift */ = {isa = PBXFileReference; lastKnownFileType = sourcecode.swift; path = "Observable+Extension.swift"; sourceTree = "<group>"; };
		3B8F086F29B9C2C6009D7396 /* AccidentViewModel.swift */ = {isa = PBXFileReference; lastKnownFileType = sourcecode.swift; path = AccidentViewModel.swift; sourceTree = "<group>"; };
		3BD4EE9829C1D00A0010FB25 /* CCTVService.swift */ = {isa = PBXFileReference; lastKnownFileType = sourcecode.swift; path = CCTVService.swift; sourceTree = "<group>"; };
		3BD4EE9A29C1D0350010FB25 /* CCTVRequest.swift */ = {isa = PBXFileReference; lastKnownFileType = sourcecode.swift; path = CCTVRequest.swift; sourceTree = "<group>"; };
		3BD4EE9C29C1ECF40010FB25 /* CCTVType.swift */ = {isa = PBXFileReference; lastKnownFileType = sourcecode.swift; path = CCTVType.swift; sourceTree = "<group>"; };
		3BD4EE9E29C1EF940010FB25 /* CctvDTO.swift */ = {isa = PBXFileReference; lastKnownFileType = sourcecode.swift; path = CctvDTO.swift; sourceTree = "<group>"; };
		3BD4EEA029C1F5910010FB25 /* CCTVRepository.swift */ = {isa = PBXFileReference; lastKnownFileType = sourcecode.swift; path = CCTVRepository.swift; sourceTree = "<group>"; };
		3BD4EEA229C1F5C50010FB25 /* DefaultCCTVRepository.swift */ = {isa = PBXFileReference; lastKnownFileType = sourcecode.swift; path = DefaultCCTVRepository.swift; sourceTree = "<group>"; };
		3BD4EEA629C980580010FB25 /* CCTVParser.swift */ = {isa = PBXFileReference; lastKnownFileType = sourcecode.swift; path = CCTVParser.swift; sourceTree = "<group>"; };
		483DF070A3B5717B415683AC /* Pods-HighwayInfo.release.xcconfig */ = {isa = PBXFileReference; includeInIndex = 1; lastKnownFileType = text.xcconfig; name = "Pods-HighwayInfo.release.xcconfig"; path = "Target Support Files/Pods-HighwayInfo/Pods-HighwayInfo.release.xcconfig"; sourceTree = "<group>"; };
		5606F3F1012B7A9156D35823 /* Pods-HighwayInfo.debug.xcconfig */ = {isa = PBXFileReference; includeInIndex = 1; lastKnownFileType = text.xcconfig; name = "Pods-HighwayInfo.debug.xcconfig"; path = "Target Support Files/Pods-HighwayInfo/Pods-HighwayInfo.debug.xcconfig"; sourceTree = "<group>"; };
		7DD4BD5197ED3CBF66F5356A /* Pods_HighwayInfo.framework */ = {isa = PBXFileReference; explicitFileType = wrapper.framework; includeInIndex = 0; path = Pods_HighwayInfo.framework; sourceTree = BUILT_PRODUCTS_DIR; };
/* End PBXFileReference section */

/* Begin PBXFrameworksBuildPhase section */
		3B5B0E8529B0CFDD00AECF22 /* Frameworks */ = {
			isa = PBXFrameworksBuildPhase;
			buildActionMask = 2147483647;
			files = (
				8FB86310EFF3889AA167FFFC /* Pods_HighwayInfo.framework in Frameworks */,
			);
			runOnlyForDeploymentPostprocessing = 0;
		};
/* End PBXFrameworksBuildPhase section */

/* Begin PBXGroup section */
		3B5AD11A29B1E7B300E2AFAA /* Application */ = {
			isa = PBXGroup;
			children = (
				3B5B0E8B29B0CFDD00AECF22 /* AppDelegate.swift */,
				3B5B0E8D29B0CFDD00AECF22 /* SceneDelegate.swift */,
				3B5AD11F29B1E91100E2AFAA /* AppCoordinator.swift */,
			);
			path = Application;
			sourceTree = "<group>";
		};
		3B5AD11B29B1E8D500E2AFAA /* Presentation */ = {
			isa = PBXGroup;
			children = (
				3B5AD11C29B1E8DA00E2AFAA /* Common */,
				3B5AD12329B1F30100E2AFAA /* Scene */,
				3B5B0E9129B0CFDD00AECF22 /* Main.storyboard */,
			);
			path = Presentation;
			sourceTree = "<group>";
		};
		3B5AD11C29B1E8DA00E2AFAA /* Common */ = {
			isa = PBXGroup;
			children = (
				3B5AD11D29B1E8E500E2AFAA /* Coordinator.swift */,
				3B5AD12B29B1FB8200E2AFAA /* TabBarPage.swift */,
				3B8F086829B9BEB2009D7396 /* ViewModelType.swift */,
			);
			path = Common;
			sourceTree = "<group>";
		};
		3B5AD12329B1F30100E2AFAA /* Scene */ = {
			isa = PBXGroup;
			children = (
				3B5AD12429B1F30E00E2AFAA /* Home */,
				3B5AD12629B1F4EB00E2AFAA /* Road */,
				3B5AD13C29B34BC600E2AFAA /* RoadDetail */,
			);
			path = Scene;
			sourceTree = "<group>";
		};
		3B5AD12429B1F30E00E2AFAA /* Home */ = {
			isa = PBXGroup;
			children = (
				3B8F086A29B9C053009D7396 /* Coordinator */,
				3B8F086C29B9C05B009D7396 /* ViewModel */,
				3B8F086B29B9C058009D7396 /* View */,
			);
			path = Home;
			sourceTree = "<group>";
		};
		3B5AD12529B1F37700E2AFAA /* Resource */ = {
			isa = PBXGroup;
			children = (
				3B5B0E9429B0CFDE00AECF22 /* Assets.xcassets */,
				3B5B0E9629B0CFDE00AECF22 /* LaunchScreen.storyboard */,
				3B6CF36829D2CF0D002289A0 /* GrayLoadingIndicator.json */,
			);
			path = Resource;
			sourceTree = "<group>";
		};
		3B5AD12629B1F4EB00E2AFAA /* Road */ = {
			isa = PBXGroup;
			children = (
				3B6CF36A29D2D5D6002289A0 /* Coordinator */,
				3B6CF36C29D2D630002289A0 /* ViewModel */,
				3B6CF36B29D2D627002289A0 /* View */,
			);
			path = Road;
			sourceTree = "<group>";
		};
		3B5AD12D29B203E200E2AFAA /* Utility */ = {
			isa = PBXGroup;
			children = (
				3B5AD12E29B203F300E2AFAA /* Reusable.swift */,
				3B5AD13629B32E3900E2AFAA /* ShadowView.swift */,
				3B8F086429B9BDD1009D7396 /* ActivityIndicator.swift */,
				3B8F086D29B9C1F6009D7396 /* Observable+Extension.swift */,
			);
			path = Utility;
			sourceTree = "<group>";
		};
		3B5AD13C29B34BC600E2AFAA /* RoadDetail */ = {
			isa = PBXGroup;
			children = (
				3B6CF38129D32AA8002289A0 /* Coordinator */,
				3B6CF38829D43C78002289A0 /* ViewModel */,
				3B6CF38929D43C84002289A0 /* View */,
			);
			path = RoadDetail;
			sourceTree = "<group>";
		};
		3B5B0E7F29B0CFDD00AECF22 = {
			isa = PBXGroup;
			children = (
				3B5B0E8A29B0CFDD00AECF22 /* HighwayInfo */,
				3B5B0E8929B0CFDD00AECF22 /* Products */,
				D67B399BF71743F1D55A02ED /* Pods */,
				46339A1A49DC70332F8414C5 /* Frameworks */,
			);
			sourceTree = "<group>";
		};
		3B5B0E8929B0CFDD00AECF22 /* Products */ = {
			isa = PBXGroup;
			children = (
				3B5B0E8829B0CFDD00AECF22 /* HighwayInfo.app */,
			);
			name = Products;
			sourceTree = "<group>";
		};
		3B5B0E8A29B0CFDD00AECF22 /* HighwayInfo */ = {
			isa = PBXGroup;
			children = (
				3B6CF35029C9CE14002289A0 /* info.plist */,
				3B5AD11A29B1E7B300E2AFAA /* Application */,
				3B5AD11B29B1E8D500E2AFAA /* Presentation */,
				3B63BAB529B84A460055D3A4 /* Domain */,
				3B63BAB929B84BE90055D3A4 /* Data */,
				3B63BAA429B767DF0055D3A4 /* Network */,
				3B5AD12D29B203E200E2AFAA /* Utility */,
				3B5AD12529B1F37700E2AFAA /* Resource */,
			);
			path = HighwayInfo;
			sourceTree = "<group>";
		};
		3B63BAA429B767DF0055D3A4 /* Network */ = {
			isa = PBXGroup;
			children = (
				3B63BAA729B768760055D3A4 /* Provider */,
				3B63BAAA29B768A60055D3A4 /* Service */,
			);
			path = Network;
			sourceTree = "<group>";
		};
		3B63BAA729B768760055D3A4 /* Provider */ = {
			isa = PBXGroup;
			children = (
				3B8F086129B87E57009D7396 /* Error */,
				3B63BAA829B768860055D3A4 /* HTTPMethod.swift */,
				3B63BAAB29B768D20055D3A4 /* APIProvider.swift */,
				3B63BAB129B76C1E0055D3A4 /* DefaultAPIProvider.swift */,
			);
			path = Provider;
			sourceTree = "<group>";
		};
		3B63BAAA29B768A60055D3A4 /* Service */ = {
			isa = PBXGroup;
			children = (
				3B8F085D29B872EF009D7396 /* Protocol */,
				3BD4EE9629C1CED50010FB25 /* Accident */,
				3BD4EE9729C1CFF10010FB25 /* CCTV */,
				3B6CF36F29D31523002289A0 /* Road */,
			);
			path = Service;
			sourceTree = "<group>";
		};
		3B63BAB529B84A460055D3A4 /* Domain */ = {
			isa = PBXGroup;
			children = (
				3B63BAB629B84A490055D3A4 /* Model */,
				3B63BAB729B84A4F0055D3A4 /* UseCase */,
				3B63BAB829B84A8A0055D3A4 /* Repository */,
			);
			path = Domain;
			sourceTree = "<group>";
		};
		3B63BAB629B84A490055D3A4 /* Model */ = {
			isa = PBXGroup;
			children = (
				3B63BABC29B84C8D0055D3A4 /* Accident.swift */,
			);
			path = Model;
			sourceTree = "<group>";
		};
		3B63BAB729B84A4F0055D3A4 /* UseCase */ = {
			isa = PBXGroup;
			children = (
				3B6CF37629D317DD002289A0 /* Protocol */,
				3B63BAC029B862D30055D3A4 /* DefaultAccidentUseCase.swift */,
			);
			path = UseCase;
			sourceTree = "<group>";
		};
		3B63BAB829B84A8A0055D3A4 /* Repository */ = {
			isa = PBXGroup;
			children = (
				3B63BABA29B84C5C0055D3A4 /* AccidentRepository.swift */,
				3BD4EEA029C1F5910010FB25 /* CCTVRepository.swift */,
				3B6CF37429D31571002289A0 /* RoadRepository.swift */,
			);
			path = Repository;
			sourceTree = "<group>";
		};
		3B63BAB929B84BE90055D3A4 /* Data */ = {
			isa = PBXGroup;
			children = (
				3B8F085E29B87CD8009D7396 /* DTO */,
				3B8F085729B86646009D7396 /* DefaultAccidentRepository.swift */,
				3BD4EEA229C1F5C50010FB25 /* DefaultCCTVRepository.swift */,
				3B6CF37929D31B2E002289A0 /* DefaultRoadRepository.swift */,
			);
			path = Data;
			sourceTree = "<group>";
		};
		3B6CF36A29D2D5D6002289A0 /* Coordinator */ = {
			isa = PBXGroup;
			children = (
				3B5AD12929B1F61500E2AFAA /* DefaultRoadCoordinator.swift */,
			);
			path = Coordinator;
			sourceTree = "<group>";
		};
		3B6CF36B29D2D627002289A0 /* View */ = {
			isa = PBXGroup;
			children = (
				3B5AD12729B1F5E800E2AFAA /* RoadViewController.swift */,
			);
			path = View;
			sourceTree = "<group>";
		};
		3B6CF36C29D2D630002289A0 /* ViewModel */ = {
			isa = PBXGroup;
			children = (
				3B6CF36D29D313B0002289A0 /* RoadViewModel.swift */,
			);
			path = ViewModel;
			sourceTree = "<group>";
		};
		3B6CF36F29D31523002289A0 /* Road */ = {
			isa = PBXGroup;
			children = (
				3B6CF37029D31544002289A0 /* RoadService.swift */,
			);
			path = Road;
			sourceTree = "<group>";
		};
		3B6CF37629D317DD002289A0 /* Protocol */ = {
			isa = PBXGroup;
			children = (
				3B63BABE29B860960055D3A4 /* AccidentUseCase.swift */,
			);
			path = Protocol;
			sourceTree = "<group>";
		};
		3B6CF38129D32AA8002289A0 /* Coordinator */ = {
			isa = PBXGroup;
			children = (
			);
			path = Coordinator;
			sourceTree = "<group>";
		};
		3B6CF38829D43C78002289A0 /* ViewModel */ = {
			isa = PBXGroup;
			children = (
			);
			path = ViewModel;
			sourceTree = "<group>";
		};
		3B6CF38929D43C84002289A0 /* View */ = {
			isa = PBXGroup;
			children = (
			);
			path = View;
			sourceTree = "<group>";
		};
		3B8F085D29B872EF009D7396 /* Protocol */ = {
			isa = PBXGroup;
			children = (
				3B63BAA529B767EF0055D3A4 /* APIRequest.swift */,
			);
			path = Protocol;
			sourceTree = "<group>";
		};
		3B8F085E29B87CD8009D7396 /* DTO */ = {
			isa = PBXGroup;
			children = (
				3B8F085F29B87CE7009D7396 /* AccidentDTO.swift */,
				3B8F086229B89AE7009D7396 /* AccidentParser.swift */,
				3BD4EE9E29C1EF940010FB25 /* CctvDTO.swift */,
				3BD4EEA629C980580010FB25 /* CCTVParser.swift */,
			);
			path = DTO;
			sourceTree = "<group>";
		};
		3B8F086129B87E57009D7396 /* Error */ = {
			isa = PBXGroup;
			children = (
				3B63BAAD29B768EE0055D3A4 /* NetworkingError.swift */,
			);
			path = Error;
			sourceTree = "<group>";
		};
		3B8F086A29B9C053009D7396 /* Coordinator */ = {
			isa = PBXGroup;
			children = (
				3B5AD12129B1F2D900E2AFAA /* DefaultHomeCoordinator.swift */,
			);
			path = Coordinator;
			sourceTree = "<group>";
		};
		3B8F086B29B9C058009D7396 /* View */ = {
			isa = PBXGroup;
			children = (
				3B5B0E8F29B0CFDD00AECF22 /* HomeViewController.swift */,
				3B5AD13429B22AE700E2AFAA /* AccidentCell.swift */,
				3B5AD13229B2291D00E2AFAA /* AccidentCell.xib */,
			);
			path = View;
			sourceTree = "<group>";
		};
		3B8F086C29B9C05B009D7396 /* ViewModel */ = {
			isa = PBXGroup;
			children = (
				3B8F086629B9BE73009D7396 /* HomeViewModel.swift */,
				3B8F086F29B9C2C6009D7396 /* AccidentViewModel.swift */,
			);
			path = ViewModel;
			sourceTree = "<group>";
		};
		3BD4EE9629C1CED50010FB25 /* Accident */ = {
			isa = PBXGroup;
			children = (
				3B63BAB329B7711B0055D3A4 /* AccidentService.swift */,
				3B8F085929B87299009D7396 /* AccidentRequest.swift */,
			);
			path = Accident;
			sourceTree = "<group>";
		};
		3BD4EE9729C1CFF10010FB25 /* CCTV */ = {
			isa = PBXGroup;
			children = (
				3BD4EE9829C1D00A0010FB25 /* CCTVService.swift */,
				3BD4EE9A29C1D0350010FB25 /* CCTVRequest.swift */,
				3BD4EE9C29C1ECF40010FB25 /* CCTVType.swift */,
			);
			path = CCTV;
			sourceTree = "<group>";
		};
		46339A1A49DC70332F8414C5 /* Frameworks */ = {
			isa = PBXGroup;
			children = (
				7DD4BD5197ED3CBF66F5356A /* Pods_HighwayInfo.framework */,
			);
			name = Frameworks;
			sourceTree = "<group>";
		};
		D67B399BF71743F1D55A02ED /* Pods */ = {
			isa = PBXGroup;
			children = (
				5606F3F1012B7A9156D35823 /* Pods-HighwayInfo.debug.xcconfig */,
				483DF070A3B5717B415683AC /* Pods-HighwayInfo.release.xcconfig */,
			);
			path = Pods;
			sourceTree = "<group>";
		};
/* End PBXGroup section */

/* Begin PBXNativeTarget section */
		3B5B0E8729B0CFDD00AECF22 /* HighwayInfo */ = {
			isa = PBXNativeTarget;
			buildConfigurationList = 3B5B0E9C29B0CFDE00AECF22 /* Build configuration list for PBXNativeTarget "HighwayInfo" */;
			buildPhases = (
				56A1AD9894F6703295932CCB /* [CP] Check Pods Manifest.lock */,
				3B5B0E8429B0CFDD00AECF22 /* Sources */,
				3B5B0E8529B0CFDD00AECF22 /* Frameworks */,
				3B5B0E8629B0CFDD00AECF22 /* Resources */,
				022B6428FBE7D772D362C5DE /* [CP] Embed Pods Frameworks */,
			);
			buildRules = (
			);
			dependencies = (
			);
			name = HighwayInfo;
			productName = HighwayInfo;
			productReference = 3B5B0E8829B0CFDD00AECF22 /* HighwayInfo.app */;
			productType = "com.apple.product-type.application";
		};
/* End PBXNativeTarget section */

/* Begin PBXProject section */
		3B5B0E8029B0CFDD00AECF22 /* Project object */ = {
			isa = PBXProject;
			attributes = {
				BuildIndependentTargetsInParallel = 1;
				LastSwiftUpdateCheck = 1420;
				LastUpgradeCheck = 1420;
				TargetAttributes = {
					3B5B0E8729B0CFDD00AECF22 = {
						CreatedOnToolsVersion = 14.2;
					};
				};
			};
			buildConfigurationList = 3B5B0E8329B0CFDD00AECF22 /* Build configuration list for PBXProject "HighwayInfo" */;
			compatibilityVersion = "Xcode 13.0";
			developmentRegion = en;
			hasScannedForEncodings = 0;
			knownRegions = (
				en,
				Base,
			);
			mainGroup = 3B5B0E7F29B0CFDD00AECF22;
			productRefGroup = 3B5B0E8929B0CFDD00AECF22 /* Products */;
			projectDirPath = "";
			projectRoot = "";
			targets = (
				3B5B0E8729B0CFDD00AECF22 /* HighwayInfo */,
			);
		};
/* End PBXProject section */

/* Begin PBXResourcesBuildPhase section */
		3B5B0E8629B0CFDD00AECF22 /* Resources */ = {
			isa = PBXResourcesBuildPhase;
			buildActionMask = 2147483647;
			files = (
				3B5AD13329B2291D00E2AFAA /* AccidentCell.xib in Resources */,
				3B5B0E9829B0CFDE00AECF22 /* LaunchScreen.storyboard in Resources */,
				3B6CF35129C9CE14002289A0 /* info.plist in Resources */,
				3B5B0E9529B0CFDE00AECF22 /* Assets.xcassets in Resources */,
				3B5B0E9329B0CFDD00AECF22 /* Main.storyboard in Resources */,
				3B6CF36929D2CF0D002289A0 /* GrayLoadingIndicator.json in Resources */,
			);
			runOnlyForDeploymentPostprocessing = 0;
		};
/* End PBXResourcesBuildPhase section */

/* Begin PBXShellScriptBuildPhase section */
		022B6428FBE7D772D362C5DE /* [CP] Embed Pods Frameworks */ = {
			isa = PBXShellScriptBuildPhase;
			buildActionMask = 2147483647;
			files = (
			);
			inputFileListPaths = (
				"${PODS_ROOT}/Target Support Files/Pods-HighwayInfo/Pods-HighwayInfo-frameworks-${CONFIGURATION}-input-files.xcfilelist",
			);
			name = "[CP] Embed Pods Frameworks";
			outputFileListPaths = (
				"${PODS_ROOT}/Target Support Files/Pods-HighwayInfo/Pods-HighwayInfo-frameworks-${CONFIGURATION}-output-files.xcfilelist",
			);
			runOnlyForDeploymentPostprocessing = 0;
			shellPath = /bin/sh;
			shellScript = "\"${PODS_ROOT}/Target Support Files/Pods-HighwayInfo/Pods-HighwayInfo-frameworks.sh\"\n";
			showEnvVarsInLog = 0;
		};
		56A1AD9894F6703295932CCB /* [CP] Check Pods Manifest.lock */ = {
			isa = PBXShellScriptBuildPhase;
			buildActionMask = 2147483647;
			files = (
			);
			inputFileListPaths = (
			);
			inputPaths = (
				"${PODS_PODFILE_DIR_PATH}/Podfile.lock",
				"${PODS_ROOT}/Manifest.lock",
			);
			name = "[CP] Check Pods Manifest.lock";
			outputFileListPaths = (
			);
			outputPaths = (
				"$(DERIVED_FILE_DIR)/Pods-HighwayInfo-checkManifestLockResult.txt",
			);
			runOnlyForDeploymentPostprocessing = 0;
			shellPath = /bin/sh;
			shellScript = "diff \"${PODS_PODFILE_DIR_PATH}/Podfile.lock\" \"${PODS_ROOT}/Manifest.lock\" > /dev/null\nif [ $? != 0 ] ; then\n    # print error to STDERR\n    echo \"error: The sandbox is not in sync with the Podfile.lock. Run 'pod install' or update your CocoaPods installation.\" >&2\n    exit 1\nfi\n# This output is used by Xcode 'outputs' to avoid re-running this script phase.\necho \"SUCCESS\" > \"${SCRIPT_OUTPUT_FILE_0}\"\n";
			showEnvVarsInLog = 0;
		};
/* End PBXShellScriptBuildPhase section */

/* Begin PBXSourcesBuildPhase section */
		3B5B0E8429B0CFDD00AECF22 /* Sources */ = {
			isa = PBXSourcesBuildPhase;
			buildActionMask = 2147483647;
			files = (
				3B8F086329B89AE7009D7396 /* AccidentParser.swift in Sources */,
				3BD4EE9929C1D00A0010FB25 /* CCTVService.swift in Sources */,
				3B5AD13729B32E3900E2AFAA /* ShadowView.swift in Sources */,
				3B5AD11E29B1E8E500E2AFAA /* Coordinator.swift in Sources */,
				3B5B0E9029B0CFDD00AECF22 /* HomeViewController.swift in Sources */,
				3BD4EEA729C980580010FB25 /* CCTVParser.swift in Sources */,
				3B5AD12029B1E91100E2AFAA /* AppCoordinator.swift in Sources */,
				3B63BAC129B862D30055D3A4 /* DefaultAccidentUseCase.swift in Sources */,
				3B8F085A29B87299009D7396 /* AccidentRequest.swift in Sources */,
				3B63BAAC29B768D20055D3A4 /* APIProvider.swift in Sources */,
				3B5AD12229B1F2D900E2AFAA /* DefaultHomeCoordinator.swift in Sources */,
				3B8F086929B9BEB2009D7396 /* ViewModelType.swift in Sources */,
				3B8F085829B86646009D7396 /* DefaultAccidentRepository.swift in Sources */,
				3B8F086029B87CE7009D7396 /* AccidentDTO.swift in Sources */,
				3B5AD12F29B203F300E2AFAA /* Reusable.swift in Sources */,
				3B8F086729B9BE73009D7396 /* HomeViewModel.swift in Sources */,
				3B5B0E8C29B0CFDD00AECF22 /* AppDelegate.swift in Sources */,
				3B8F086E29B9C1F6009D7396 /* Observable+Extension.swift in Sources */,
				3BD4EEA329C1F5C50010FB25 /* DefaultCCTVRepository.swift in Sources */,
				3B63BAB229B76C1E0055D3A4 /* DefaultAPIProvider.swift in Sources */,
				3B63BABB29B84C5C0055D3A4 /* AccidentRepository.swift in Sources */,
				3B5B0E8E29B0CFDD00AECF22 /* SceneDelegate.swift in Sources */,
				3B63BABF29B860960055D3A4 /* AccidentUseCase.swift in Sources */,
				3B5AD12C29B1FB8200E2AFAA /* TabBarPage.swift in Sources */,
				3B5AD13529B22AE700E2AFAA /* AccidentCell.swift in Sources */,
				3BD4EE9F29C1EF940010FB25 /* CctvDTO.swift in Sources */,
				3B5AD12A29B1F61500E2AFAA /* DefaultRoadCoordinator.swift in Sources */,
				3B6CF37A29D31B2E002289A0 /* DefaultRoadRepository.swift in Sources */,
				3B63BAA929B768860055D3A4 /* HTTPMethod.swift in Sources */,
				3B5AD12829B1F5E800E2AFAA /* RoadViewController.swift in Sources */,
				3B63BAAE29B768EE0055D3A4 /* NetworkingError.swift in Sources */,
				3B6CF37129D31544002289A0 /* RoadService.swift in Sources */,
				3BD4EE9D29C1ECF40010FB25 /* CCTVType.swift in Sources */,
				3B63BABD29B84C8D0055D3A4 /* Accident.swift in Sources */,
				3B6CF37529D31571002289A0 /* RoadRepository.swift in Sources */,
				3B6CF36E29D313B0002289A0 /* RoadViewModel.swift in Sources */,
				3B63BAA629B767EF0055D3A4 /* APIRequest.swift in Sources */,
				3BD4EEA129C1F5910010FB25 /* CCTVRepository.swift in Sources */,
				3B8F087029B9C2C6009D7396 /* AccidentViewModel.swift in Sources */,
				3B8F086529B9BDD1009D7396 /* ActivityIndicator.swift in Sources */,
				3BD4EE9B29C1D0350010FB25 /* CCTVRequest.swift in Sources */,
				3B63BAB429B7711B0055D3A4 /* AccidentService.swift in Sources */,
			);
			runOnlyForDeploymentPostprocessing = 0;
		};
/* End PBXSourcesBuildPhase section */

/* Begin PBXVariantGroup section */
		3B5B0E9129B0CFDD00AECF22 /* Main.storyboard */ = {
			isa = PBXVariantGroup;
			children = (
				3B5B0E9229B0CFDD00AECF22 /* Base */,
			);
			name = Main.storyboard;
			sourceTree = "<group>";
		};
		3B5B0E9629B0CFDE00AECF22 /* LaunchScreen.storyboard */ = {
			isa = PBXVariantGroup;
			children = (
				3B5B0E9729B0CFDE00AECF22 /* Base */,
			);
			name = LaunchScreen.storyboard;
			sourceTree = "<group>";
		};
/* End PBXVariantGroup section */

/* Begin XCBuildConfiguration section */
		3B5B0E9A29B0CFDE00AECF22 /* Debug */ = {
			isa = XCBuildConfiguration;
			buildSettings = {
				ALWAYS_SEARCH_USER_PATHS = NO;
				CLANG_ANALYZER_NONNULL = YES;
				CLANG_ANALYZER_NUMBER_OBJECT_CONVERSION = YES_AGGRESSIVE;
				CLANG_CXX_LANGUAGE_STANDARD = "gnu++20";
				CLANG_ENABLE_MODULES = YES;
				CLANG_ENABLE_OBJC_ARC = YES;
				CLANG_ENABLE_OBJC_WEAK = YES;
				CLANG_WARN_BLOCK_CAPTURE_AUTORELEASING = YES;
				CLANG_WARN_BOOL_CONVERSION = YES;
				CLANG_WARN_COMMA = YES;
				CLANG_WARN_CONSTANT_CONVERSION = YES;
				CLANG_WARN_DEPRECATED_OBJC_IMPLEMENTATIONS = YES;
				CLANG_WARN_DIRECT_OBJC_ISA_USAGE = YES_ERROR;
				CLANG_WARN_DOCUMENTATION_COMMENTS = YES;
				CLANG_WARN_EMPTY_BODY = YES;
				CLANG_WARN_ENUM_CONVERSION = YES;
				CLANG_WARN_INFINITE_RECURSION = YES;
				CLANG_WARN_INT_CONVERSION = YES;
				CLANG_WARN_NON_LITERAL_NULL_CONVERSION = YES;
				CLANG_WARN_OBJC_IMPLICIT_RETAIN_SELF = YES;
				CLANG_WARN_OBJC_LITERAL_CONVERSION = YES;
				CLANG_WARN_OBJC_ROOT_CLASS = YES_ERROR;
				CLANG_WARN_QUOTED_INCLUDE_IN_FRAMEWORK_HEADER = YES;
				CLANG_WARN_RANGE_LOOP_ANALYSIS = YES;
				CLANG_WARN_STRICT_PROTOTYPES = YES;
				CLANG_WARN_SUSPICIOUS_MOVE = YES;
				CLANG_WARN_UNGUARDED_AVAILABILITY = YES_AGGRESSIVE;
				CLANG_WARN_UNREACHABLE_CODE = YES;
				CLANG_WARN__DUPLICATE_METHOD_MATCH = YES;
				COPY_PHASE_STRIP = NO;
				DEBUG_INFORMATION_FORMAT = dwarf;
				ENABLE_STRICT_OBJC_MSGSEND = YES;
				ENABLE_TESTABILITY = YES;
				GCC_C_LANGUAGE_STANDARD = gnu11;
				GCC_DYNAMIC_NO_PIC = NO;
				GCC_NO_COMMON_BLOCKS = YES;
				GCC_OPTIMIZATION_LEVEL = 0;
				GCC_PREPROCESSOR_DEFINITIONS = (
					"DEBUG=1",
					"$(inherited)",
				);
				GCC_WARN_64_TO_32_BIT_CONVERSION = YES;
				GCC_WARN_ABOUT_RETURN_TYPE = YES_ERROR;
				GCC_WARN_UNDECLARED_SELECTOR = YES;
				GCC_WARN_UNINITIALIZED_AUTOS = YES_AGGRESSIVE;
				GCC_WARN_UNUSED_FUNCTION = YES;
				GCC_WARN_UNUSED_VARIABLE = YES;
				IPHONEOS_DEPLOYMENT_TARGET = 14.0;
				MTL_ENABLE_DEBUG_INFO = INCLUDE_SOURCE;
				MTL_FAST_MATH = YES;
				ONLY_ACTIVE_ARCH = YES;
				SDKROOT = iphoneos;
				SWIFT_ACTIVE_COMPILATION_CONDITIONS = DEBUG;
				SWIFT_OPTIMIZATION_LEVEL = "-Onone";
			};
			name = Debug;
		};
		3B5B0E9B29B0CFDE00AECF22 /* Release */ = {
			isa = XCBuildConfiguration;
			buildSettings = {
				ALWAYS_SEARCH_USER_PATHS = NO;
				CLANG_ANALYZER_NONNULL = YES;
				CLANG_ANALYZER_NUMBER_OBJECT_CONVERSION = YES_AGGRESSIVE;
				CLANG_CXX_LANGUAGE_STANDARD = "gnu++20";
				CLANG_ENABLE_MODULES = YES;
				CLANG_ENABLE_OBJC_ARC = YES;
				CLANG_ENABLE_OBJC_WEAK = YES;
				CLANG_WARN_BLOCK_CAPTURE_AUTORELEASING = YES;
				CLANG_WARN_BOOL_CONVERSION = YES;
				CLANG_WARN_COMMA = YES;
				CLANG_WARN_CONSTANT_CONVERSION = YES;
				CLANG_WARN_DEPRECATED_OBJC_IMPLEMENTATIONS = YES;
				CLANG_WARN_DIRECT_OBJC_ISA_USAGE = YES_ERROR;
				CLANG_WARN_DOCUMENTATION_COMMENTS = YES;
				CLANG_WARN_EMPTY_BODY = YES;
				CLANG_WARN_ENUM_CONVERSION = YES;
				CLANG_WARN_INFINITE_RECURSION = YES;
				CLANG_WARN_INT_CONVERSION = YES;
				CLANG_WARN_NON_LITERAL_NULL_CONVERSION = YES;
				CLANG_WARN_OBJC_IMPLICIT_RETAIN_SELF = YES;
				CLANG_WARN_OBJC_LITERAL_CONVERSION = YES;
				CLANG_WARN_OBJC_ROOT_CLASS = YES_ERROR;
				CLANG_WARN_QUOTED_INCLUDE_IN_FRAMEWORK_HEADER = YES;
				CLANG_WARN_RANGE_LOOP_ANALYSIS = YES;
				CLANG_WARN_STRICT_PROTOTYPES = YES;
				CLANG_WARN_SUSPICIOUS_MOVE = YES;
				CLANG_WARN_UNGUARDED_AVAILABILITY = YES_AGGRESSIVE;
				CLANG_WARN_UNREACHABLE_CODE = YES;
				CLANG_WARN__DUPLICATE_METHOD_MATCH = YES;
				COPY_PHASE_STRIP = NO;
				DEBUG_INFORMATION_FORMAT = "dwarf-with-dsym";
				ENABLE_NS_ASSERTIONS = NO;
				ENABLE_STRICT_OBJC_MSGSEND = YES;
				GCC_C_LANGUAGE_STANDARD = gnu11;
				GCC_NO_COMMON_BLOCKS = YES;
				GCC_WARN_64_TO_32_BIT_CONVERSION = YES;
				GCC_WARN_ABOUT_RETURN_TYPE = YES_ERROR;
				GCC_WARN_UNDECLARED_SELECTOR = YES;
				GCC_WARN_UNINITIALIZED_AUTOS = YES_AGGRESSIVE;
				GCC_WARN_UNUSED_FUNCTION = YES;
				GCC_WARN_UNUSED_VARIABLE = YES;
				IPHONEOS_DEPLOYMENT_TARGET = 14.0;
				MTL_ENABLE_DEBUG_INFO = NO;
				MTL_FAST_MATH = YES;
				SDKROOT = iphoneos;
				SWIFT_COMPILATION_MODE = wholemodule;
				SWIFT_OPTIMIZATION_LEVEL = "-O";
				VALIDATE_PRODUCT = YES;
			};
			name = Release;
		};
		3B5B0E9D29B0CFDE00AECF22 /* Debug */ = {
			isa = XCBuildConfiguration;
			baseConfigurationReference = 5606F3F1012B7A9156D35823 /* Pods-HighwayInfo.debug.xcconfig */;
			buildSettings = {
				ASSETCATALOG_COMPILER_APPICON_NAME = AppIcon;
				ASSETCATALOG_COMPILER_GLOBAL_ACCENT_COLOR_NAME = AccentColor;
				CODE_SIGN_STYLE = Automatic;
				CURRENT_PROJECT_VERSION = 1;
				DEVELOPMENT_TEAM = UKU2UB96JP;
				GENERATE_INFOPLIST_FILE = YES;
				INFOPLIST_FILE = HighwayInfo/Info.plist;
				INFOPLIST_KEY_UIApplicationSupportsIndirectInputEvents = YES;
				INFOPLIST_KEY_UILaunchStoryboardName = LaunchScreen;
				INFOPLIST_KEY_UIMainStoryboardFile = Main;
				INFOPLIST_KEY_UIStatusBarStyle = "";
				INFOPLIST_KEY_UISupportedInterfaceOrientations = UIInterfaceOrientationPortrait;
				INFOPLIST_KEY_UIUserInterfaceStyle = Light;
				LD_RUNPATH_SEARCH_PATHS = (
					"$(inherited)",
					"@executable_path/Frameworks",
				);
				MARKETING_VERSION = 1.0;
				PRODUCT_BUNDLE_IDENTIFIER = zoe.HighwayInfo;
				PRODUCT_NAME = "$(TARGET_NAME)";
				SWIFT_EMIT_LOC_STRINGS = YES;
				SWIFT_VERSION = 5.0;
				TARGETED_DEVICE_FAMILY = 1;
			};
			name = Debug;
		};
		3B5B0E9E29B0CFDE00AECF22 /* Release */ = {
			isa = XCBuildConfiguration;
			baseConfigurationReference = 483DF070A3B5717B415683AC /* Pods-HighwayInfo.release.xcconfig */;
			buildSettings = {
				ASSETCATALOG_COMPILER_APPICON_NAME = AppIcon;
				ASSETCATALOG_COMPILER_GLOBAL_ACCENT_COLOR_NAME = AccentColor;
				CODE_SIGN_STYLE = Automatic;
				CURRENT_PROJECT_VERSION = 1;
				DEVELOPMENT_TEAM = UKU2UB96JP;
				GENERATE_INFOPLIST_FILE = YES;
				INFOPLIST_FILE = HighwayInfo/Info.plist;
				INFOPLIST_KEY_UIApplicationSupportsIndirectInputEvents = YES;
				INFOPLIST_KEY_UILaunchStoryboardName = LaunchScreen;
				INFOPLIST_KEY_UIMainStoryboardFile = Main;
				INFOPLIST_KEY_UIStatusBarStyle = "";
				INFOPLIST_KEY_UISupportedInterfaceOrientations = UIInterfaceOrientationPortrait;
				INFOPLIST_KEY_UIUserInterfaceStyle = Light;
				LD_RUNPATH_SEARCH_PATHS = (
					"$(inherited)",
					"@executable_path/Frameworks",
				);
				MARKETING_VERSION = 1.0;
				PRODUCT_BUNDLE_IDENTIFIER = zoe.HighwayInfo;
				PRODUCT_NAME = "$(TARGET_NAME)";
				SWIFT_EMIT_LOC_STRINGS = YES;
				SWIFT_VERSION = 5.0;
				TARGETED_DEVICE_FAMILY = 1;
			};
			name = Release;
		};
/* End XCBuildConfiguration section */

/* Begin XCConfigurationList section */
		3B5B0E8329B0CFDD00AECF22 /* Build configuration list for PBXProject "HighwayInfo" */ = {
			isa = XCConfigurationList;
			buildConfigurations = (
				3B5B0E9A29B0CFDE00AECF22 /* Debug */,
				3B5B0E9B29B0CFDE00AECF22 /* Release */,
			);
			defaultConfigurationIsVisible = 0;
			defaultConfigurationName = Release;
		};
		3B5B0E9C29B0CFDE00AECF22 /* Build configuration list for PBXNativeTarget "HighwayInfo" */ = {
			isa = XCConfigurationList;
			buildConfigurations = (
				3B5B0E9D29B0CFDE00AECF22 /* Debug */,
				3B5B0E9E29B0CFDE00AECF22 /* Release */,
			);
			defaultConfigurationIsVisible = 0;
			defaultConfigurationName = Release;
		};
/* End XCConfigurationList section */
	};
	rootObject = 3B5B0E8029B0CFDD00AECF22 /* Project object */;
}
